// !$*UTF8*$!
{
	archiveVersion = 1;
	classes = {
	};
	objectVersion = 46;
	objects = {

/* Begin PBXBuildFile section */
		13E34E8C4EBCBACF7DA4929B /* Pods_ChannelProgramsTests.framework in Frameworks */ = {isa = PBXBuildFile; fileRef = CFD02049842CAF9F42B6F2B6 /* Pods_ChannelProgramsTests.framework */; };
		81A531A5104712BDCBCDFE82 /* Pods_ChannelPrograms.framework in Frameworks */ = {isa = PBXBuildFile; fileRef = 38103A03B8373DECED11FFD0 /* Pods_ChannelPrograms.framework */; };
		C7697797298414432D530181 /* Pods_ChannelProgramsUITests.framework in Frameworks */ = {isa = PBXBuildFile; fileRef = 829D4D6BB1A2C61B1B725E1E /* Pods_ChannelProgramsUITests.framework */; };
		EB053A5C1E44E4F000EA2AF8 /* CategoryChannel.swift in Sources */ = {isa = PBXBuildFile; fileRef = EB053A5B1E44E4F000EA2AF8 /* CategoryChannel.swift */; };
		EB05C45B1E3F83E400C367D2 /* AppDelegate.swift in Sources */ = {isa = PBXBuildFile; fileRef = EB05C45A1E3F83E400C367D2 /* AppDelegate.swift */; };
		EB05C4601E3F83E400C367D2 /* Main.storyboard in Resources */ = {isa = PBXBuildFile; fileRef = EB05C45E1E3F83E400C367D2 /* Main.storyboard */; };
		EB05C4631E3F83E400C367D2 /* ChannelPrograms.xcdatamodeld in Sources */ = {isa = PBXBuildFile; fileRef = EB05C4611E3F83E400C367D2 /* ChannelPrograms.xcdatamodeld */; };
		EB05C4651E3F83E400C367D2 /* Assets.xcassets in Resources */ = {isa = PBXBuildFile; fileRef = EB05C4641E3F83E400C367D2 /* Assets.xcassets */; };
		EB05C4681E3F83E400C367D2 /* LaunchScreen.storyboard in Resources */ = {isa = PBXBuildFile; fileRef = EB05C4661E3F83E400C367D2 /* LaunchScreen.storyboard */; };
		EB05C4731E3F83E500C367D2 /* ChannelProgramsTests.swift in Sources */ = {isa = PBXBuildFile; fileRef = EB05C4721E3F83E500C367D2 /* ChannelProgramsTests.swift */; };
		EB05C47E1E3F83E500C367D2 /* ChannelProgramsUITests.swift in Sources */ = {isa = PBXBuildFile; fileRef = EB05C47D1E3F83E500C367D2 /* ChannelProgramsUITests.swift */; };
		EB3D6B7B1E434DE000D1EE91 /* CategoryData.swift in Sources */ = {isa = PBXBuildFile; fileRef = EB3D6B7A1E434DE000D1EE91 /* CategoryData.swift */; };
		EB3D6B7D1E434E0000D1EE91 /* ChannelData.swift in Sources */ = {isa = PBXBuildFile; fileRef = EB3D6B7C1E434E0000D1EE91 /* ChannelData.swift */; };
		EB3D6B7F1E434E0E00D1EE91 /* ProgramData.swift in Sources */ = {isa = PBXBuildFile; fileRef = EB3D6B7E1E434E0E00D1EE91 /* ProgramData.swift */; };
		EB48BFD21E412D0D002FE984 /* PrograToDayModel.swift in Sources */ = {isa = PBXBuildFile; fileRef = EB48BFD11E412D0D002FE984 /* PrograToDayModel.swift */; };
		EB95878E1E43322D003DCDD3 /* CategoryTableViewCell.swift in Sources */ = {isa = PBXBuildFile; fileRef = EB95878D1E43322D003DCDD3 /* CategoryTableViewCell.swift */; };
		EB9587901E433548003DCDD3 /* CategoryTableViewController.swift in Sources */ = {isa = PBXBuildFile; fileRef = EB95878F1E433548003DCDD3 /* CategoryTableViewController.swift */; };
		EB9587921E4336D6003DCDD3 /* ProgramTableViewController.swift in Sources */ = {isa = PBXBuildFile; fileRef = EB9587911E4336D6003DCDD3 /* ProgramTableViewController.swift */; };
		EB9587941E43370A003DCDD3 /* ProgramTableViewCell.swift in Sources */ = {isa = PBXBuildFile; fileRef = EB9587931E43370A003DCDD3 /* ProgramTableViewCell.swift */; };
		EBBA5E761E45FD6C005A9974 /* CategoryFindTableViewController.swift in Sources */ = {isa = PBXBuildFile; fileRef = EBBA5E751E45FD6C005A9974 /* CategoryFindTableViewController.swift */; };
		EBC4F2671E428CAE00FF9F22 /* AllChannelTableViewCell.swift in Sources */ = {isa = PBXBuildFile; fileRef = EBC4F2661E428CAE00FF9F22 /* AllChannelTableViewCell.swift */; };
		EBC5F9831E46632800DAA9BF /* SaveChannels.swift in Sources */ = {isa = PBXBuildFile; fileRef = EBC5F9821E46632800DAA9BF /* SaveChannels.swift */; };
		EBE611C81E4085DB00161BFA /* AllCnannelModel.swift in Sources */ = {isa = PBXBuildFile; fileRef = EBE611C71E4085DB00161BFA /* AllCnannelModel.swift */; };
		EBE611CC1E408A2E00161BFA /* AllChannelTableViewController.swift in Sources */ = {isa = PBXBuildFile; fileRef = EBE611CB1E408A2E00161BFA /* AllChannelTableViewController.swift */; };
		EBE611CE1E408A5700161BFA /* FavoriteChannelTableViewController.swift in Sources */ = {isa = PBXBuildFile; fileRef = EBE611CD1E408A5700161BFA /* FavoriteChannelTableViewController.swift */; };
		EBE611D21E40900300161BFA /* AllCategoryModel.swift in Sources */ = {isa = PBXBuildFile; fileRef = EBE611D11E40900300161BFA /* AllCategoryModel.swift */; };
/* End PBXBuildFile section */

/* Begin PBXContainerItemProxy section */
		EB05C46F1E3F83E500C367D2 /* PBXContainerItemProxy */ = {
			isa = PBXContainerItemProxy;
			containerPortal = EB05C44F1E3F83E300C367D2 /* Project object */;
			proxyType = 1;
			remoteGlobalIDString = EB05C4561E3F83E400C367D2;
			remoteInfo = ChannelPrograms;
		};
		EB05C47A1E3F83E500C367D2 /* PBXContainerItemProxy */ = {
			isa = PBXContainerItemProxy;
			containerPortal = EB05C44F1E3F83E300C367D2 /* Project object */;
			proxyType = 1;
			remoteGlobalIDString = EB05C4561E3F83E400C367D2;
			remoteInfo = ChannelPrograms;
		};
/* End PBXContainerItemProxy section */

/* Begin PBXFileReference section */
		0C056EA955D735307E7B4151 /* Pods-ChannelProgramsTests.release.xcconfig */ = {isa = PBXFileReference; includeInIndex = 1; lastKnownFileType = text.xcconfig; name = "Pods-ChannelProgramsTests.release.xcconfig"; path = "Pods/Target Support Files/Pods-ChannelProgramsTests/Pods-ChannelProgramsTests.release.xcconfig"; sourceTree = "<group>"; };
		194DE0CE944425193CF3F910 /* Pods-ChannelPrograms.release.xcconfig */ = {isa = PBXFileReference; includeInIndex = 1; lastKnownFileType = text.xcconfig; name = "Pods-ChannelPrograms.release.xcconfig"; path = "Pods/Target Support Files/Pods-ChannelPrograms/Pods-ChannelPrograms.release.xcconfig"; sourceTree = "<group>"; };
		38103A03B8373DECED11FFD0 /* Pods_ChannelPrograms.framework */ = {isa = PBXFileReference; explicitFileType = wrapper.framework; includeInIndex = 0; path = Pods_ChannelPrograms.framework; sourceTree = BUILT_PRODUCTS_DIR; };
		6FB3E0FA2EC3CDB25F1B2F34 /* Pods-ChannelPrograms.debug.xcconfig */ = {isa = PBXFileReference; includeInIndex = 1; lastKnownFileType = text.xcconfig; name = "Pods-ChannelPrograms.debug.xcconfig"; path = "Pods/Target Support Files/Pods-ChannelPrograms/Pods-ChannelPrograms.debug.xcconfig"; sourceTree = "<group>"; };
		76E6114534317EC6BA1E2FEF /* Pods-ChannelProgramsUITests.release.xcconfig */ = {isa = PBXFileReference; includeInIndex = 1; lastKnownFileType = text.xcconfig; name = "Pods-ChannelProgramsUITests.release.xcconfig"; path = "Pods/Target Support Files/Pods-ChannelProgramsUITests/Pods-ChannelProgramsUITests.release.xcconfig"; sourceTree = "<group>"; };
		829D4D6BB1A2C61B1B725E1E /* Pods_ChannelProgramsUITests.framework */ = {isa = PBXFileReference; explicitFileType = wrapper.framework; includeInIndex = 0; path = Pods_ChannelProgramsUITests.framework; sourceTree = BUILT_PRODUCTS_DIR; };
		84D2922F8E0BD46B8B659382 /* Pods-ChannelProgramsTests.debug.xcconfig */ = {isa = PBXFileReference; includeInIndex = 1; lastKnownFileType = text.xcconfig; name = "Pods-ChannelProgramsTests.debug.xcconfig"; path = "Pods/Target Support Files/Pods-ChannelProgramsTests/Pods-ChannelProgramsTests.debug.xcconfig"; sourceTree = "<group>"; };
		CFD02049842CAF9F42B6F2B6 /* Pods_ChannelProgramsTests.framework */ = {isa = PBXFileReference; explicitFileType = wrapper.framework; includeInIndex = 0; path = Pods_ChannelProgramsTests.framework; sourceTree = BUILT_PRODUCTS_DIR; };
		DAF2B5D09D3F64E14316A934 /* Pods-ChannelProgramsUITests.debug.xcconfig */ = {isa = PBXFileReference; includeInIndex = 1; lastKnownFileType = text.xcconfig; name = "Pods-ChannelProgramsUITests.debug.xcconfig"; path = "Pods/Target Support Files/Pods-ChannelProgramsUITests/Pods-ChannelProgramsUITests.debug.xcconfig"; sourceTree = "<group>"; };
		EB053A5B1E44E4F000EA2AF8 /* CategoryChannel.swift */ = {isa = PBXFileReference; fileEncoding = 4; lastKnownFileType = sourcecode.swift; path = CategoryChannel.swift; sourceTree = "<group>"; };
		EB05C4571E3F83E400C367D2 /* ChannelPrograms.app */ = {isa = PBXFileReference; explicitFileType = wrapper.application; includeInIndex = 0; path = ChannelPrograms.app; sourceTree = BUILT_PRODUCTS_DIR; };
		EB05C45A1E3F83E400C367D2 /* AppDelegate.swift */ = {isa = PBXFileReference; lastKnownFileType = sourcecode.swift; path = AppDelegate.swift; sourceTree = "<group>"; };
		EB05C45F1E3F83E400C367D2 /* Base */ = {isa = PBXFileReference; lastKnownFileType = file.storyboard; name = Base; path = Base.lproj/Main.storyboard; sourceTree = "<group>"; };
		EB05C4621E3F83E400C367D2 /* ChannelPrograms.xcdatamodel */ = {isa = PBXFileReference; lastKnownFileType = wrapper.xcdatamodel; path = ChannelPrograms.xcdatamodel; sourceTree = "<group>"; };
		EB05C4641E3F83E400C367D2 /* Assets.xcassets */ = {isa = PBXFileReference; lastKnownFileType = folder.assetcatalog; path = Assets.xcassets; sourceTree = "<group>"; };
		EB05C4671E3F83E400C367D2 /* Base */ = {isa = PBXFileReference; lastKnownFileType = file.storyboard; name = Base; path = Base.lproj/LaunchScreen.storyboard; sourceTree = "<group>"; };
		EB05C4691E3F83E500C367D2 /* Info.plist */ = {isa = PBXFileReference; lastKnownFileType = text.plist.xml; path = Info.plist; sourceTree = "<group>"; };
		EB05C46E1E3F83E500C367D2 /* ChannelProgramsTests.xctest */ = {isa = PBXFileReference; explicitFileType = wrapper.cfbundle; includeInIndex = 0; path = ChannelProgramsTests.xctest; sourceTree = BUILT_PRODUCTS_DIR; };
		EB05C4721E3F83E500C367D2 /* ChannelProgramsTests.swift */ = {isa = PBXFileReference; lastKnownFileType = sourcecode.swift; path = ChannelProgramsTests.swift; sourceTree = "<group>"; };
		EB05C4741E3F83E500C367D2 /* Info.plist */ = {isa = PBXFileReference; lastKnownFileType = text.plist.xml; path = Info.plist; sourceTree = "<group>"; };
		EB05C4791E3F83E500C367D2 /* ChannelProgramsUITests.xctest */ = {isa = PBXFileReference; explicitFileType = wrapper.cfbundle; includeInIndex = 0; path = ChannelProgramsUITests.xctest; sourceTree = BUILT_PRODUCTS_DIR; };
		EB05C47D1E3F83E500C367D2 /* ChannelProgramsUITests.swift */ = {isa = PBXFileReference; lastKnownFileType = sourcecode.swift; path = ChannelProgramsUITests.swift; sourceTree = "<group>"; };
		EB05C47F1E3F83E500C367D2 /* Info.plist */ = {isa = PBXFileReference; lastKnownFileType = text.plist.xml; path = Info.plist; sourceTree = "<group>"; };
		EB3D6B7A1E434DE000D1EE91 /* CategoryData.swift */ = {isa = PBXFileReference; fileEncoding = 4; lastKnownFileType = sourcecode.swift; path = CategoryData.swift; sourceTree = "<group>"; };
		EB3D6B7C1E434E0000D1EE91 /* ChannelData.swift */ = {isa = PBXFileReference; fileEncoding = 4; lastKnownFileType = sourcecode.swift; path = ChannelData.swift; sourceTree = "<group>"; };
		EB3D6B7E1E434E0E00D1EE91 /* ProgramData.swift */ = {isa = PBXFileReference; fileEncoding = 4; lastKnownFileType = sourcecode.swift; path = ProgramData.swift; sourceTree = "<group>"; };
		EB48BFD11E412D0D002FE984 /* PrograToDayModel.swift */ = {isa = PBXFileReference; fileEncoding = 4; lastKnownFileType = sourcecode.swift; path = PrograToDayModel.swift; sourceTree = "<group>"; };
		EB95878D1E43322D003DCDD3 /* CategoryTableViewCell.swift */ = {isa = PBXFileReference; fileEncoding = 4; lastKnownFileType = sourcecode.swift; path = CategoryTableViewCell.swift; sourceTree = "<group>"; };
		EB95878F1E433548003DCDD3 /* CategoryTableViewController.swift */ = {isa = PBXFileReference; fileEncoding = 4; lastKnownFileType = sourcecode.swift; path = CategoryTableViewController.swift; sourceTree = "<group>"; };
		EB9587911E4336D6003DCDD3 /* ProgramTableViewController.swift */ = {isa = PBXFileReference; fileEncoding = 4; lastKnownFileType = sourcecode.swift; path = ProgramTableViewController.swift; sourceTree = "<group>"; };
		EB9587931E43370A003DCDD3 /* ProgramTableViewCell.swift */ = {isa = PBXFileReference; fileEncoding = 4; lastKnownFileType = sourcecode.swift; path = ProgramTableViewCell.swift; sourceTree = "<group>"; };
		EBBA5E751E45FD6C005A9974 /* CategoryFindTableViewController.swift */ = {isa = PBXFileReference; fileEncoding = 4; lastKnownFileType = sourcecode.swift; path = CategoryFindTableViewController.swift; sourceTree = "<group>"; };
		EBC4F2661E428CAE00FF9F22 /* AllChannelTableViewCell.swift */ = {isa = PBXFileReference; fileEncoding = 4; lastKnownFileType = sourcecode.swift; path = AllChannelTableViewCell.swift; sourceTree = "<group>"; };
		EBC5F9821E46632800DAA9BF /* SaveChannels.swift */ = {isa = PBXFileReference; fileEncoding = 4; lastKnownFileType = sourcecode.swift; path = SaveChannels.swift; sourceTree = "<group>"; };
		EBE611C71E4085DB00161BFA /* AllCnannelModel.swift */ = {isa = PBXFileReference; fileEncoding = 4; lastKnownFileType = sourcecode.swift; path = AllCnannelModel.swift; sourceTree = "<group>"; };
		EBE611CB1E408A2E00161BFA /* AllChannelTableViewController.swift */ = {isa = PBXFileReference; fileEncoding = 4; lastKnownFileType = sourcecode.swift; path = AllChannelTableViewController.swift; sourceTree = "<group>"; };
		EBE611CD1E408A5700161BFA /* FavoriteChannelTableViewController.swift */ = {isa = PBXFileReference; fileEncoding = 4; lastKnownFileType = sourcecode.swift; path = FavoriteChannelTableViewController.swift; sourceTree = "<group>"; };
		EBE611D11E40900300161BFA /* AllCategoryModel.swift */ = {isa = PBXFileReference; fileEncoding = 4; lastKnownFileType = sourcecode.swift; path = AllCategoryModel.swift; sourceTree = "<group>"; };
/* End PBXFileReference section */

/* Begin PBXFrameworksBuildPhase section */
		EB05C4541E3F83E400C367D2 /* Frameworks */ = {
			isa = PBXFrameworksBuildPhase;
			buildActionMask = 2147483647;
			files = (
				81A531A5104712BDCBCDFE82 /* Pods_ChannelPrograms.framework in Frameworks */,
			);
			runOnlyForDeploymentPostprocessing = 0;
		};
		EB05C46B1E3F83E500C367D2 /* Frameworks */ = {
			isa = PBXFrameworksBuildPhase;
			buildActionMask = 2147483647;
			files = (
				13E34E8C4EBCBACF7DA4929B /* Pods_ChannelProgramsTests.framework in Frameworks */,
			);
			runOnlyForDeploymentPostprocessing = 0;
		};
		EB05C4761E3F83E500C367D2 /* Frameworks */ = {
			isa = PBXFrameworksBuildPhase;
			buildActionMask = 2147483647;
			files = (
				C7697797298414432D530181 /* Pods_ChannelProgramsUITests.framework in Frameworks */,
			);
			runOnlyForDeploymentPostprocessing = 0;
		};
/* End PBXFrameworksBuildPhase section */

/* Begin PBXGroup section */
		50770342D9568F1FA96959A9 /* Pods */ = {
			isa = PBXGroup;
			children = (
				6FB3E0FA2EC3CDB25F1B2F34 /* Pods-ChannelPrograms.debug.xcconfig */,
				194DE0CE944425193CF3F910 /* Pods-ChannelPrograms.release.xcconfig */,
				84D2922F8E0BD46B8B659382 /* Pods-ChannelProgramsTests.debug.xcconfig */,
				0C056EA955D735307E7B4151 /* Pods-ChannelProgramsTests.release.xcconfig */,
				DAF2B5D09D3F64E14316A934 /* Pods-ChannelProgramsUITests.debug.xcconfig */,
				76E6114534317EC6BA1E2FEF /* Pods-ChannelProgramsUITests.release.xcconfig */,
			);
			name = Pods;
			sourceTree = "<group>";
		};
		92332CF7E5E32C49BCFC9881 /* Frameworks */ = {
			isa = PBXGroup;
			children = (
				38103A03B8373DECED11FFD0 /* Pods_ChannelPrograms.framework */,
				CFD02049842CAF9F42B6F2B6 /* Pods_ChannelProgramsTests.framework */,
				829D4D6BB1A2C61B1B725E1E /* Pods_ChannelProgramsUITests.framework */,
			);
			name = Frameworks;
			sourceTree = "<group>";
		};
		EB05C44E1E3F83E300C367D2 = {
			isa = PBXGroup;
			children = (
				EB05C4591E3F83E400C367D2 /* ChannelPrograms */,
				EB05C4711E3F83E500C367D2 /* ChannelProgramsTests */,
				EB05C47C1E3F83E500C367D2 /* ChannelProgramsUITests */,
				EB05C4581E3F83E400C367D2 /* Products */,
				50770342D9568F1FA96959A9 /* Pods */,
				92332CF7E5E32C49BCFC9881 /* Frameworks */,
			);
			sourceTree = "<group>";
		};
		EB05C4581E3F83E400C367D2 /* Products */ = {
			isa = PBXGroup;
			children = (
				EB05C4571E3F83E400C367D2 /* ChannelPrograms.app */,
				EB05C46E1E3F83E500C367D2 /* ChannelProgramsTests.xctest */,
				EB05C4791E3F83E500C367D2 /* ChannelProgramsUITests.xctest */,
			);
			name = Products;
			sourceTree = "<group>";
		};
		EB05C4591E3F83E400C367D2 /* ChannelPrograms */ = {
			isa = PBXGroup;
			children = (
				EBE611C51E40843600161BFA /* Application */,
				EBE611C31E4083E600161BFA /* VIews */,
				EB3D6B801E434E3A00D1EE91 /* Model */,
				EBE611C41E40841900161BFA /* Resources */,
			);
			path = ChannelPrograms;
			sourceTree = "<group>";
		};
		EB05C4711E3F83E500C367D2 /* ChannelProgramsTests */ = {
			isa = PBXGroup;
			children = (
				EB05C4721E3F83E500C367D2 /* ChannelProgramsTests.swift */,
				EB05C4741E3F83E500C367D2 /* Info.plist */,
			);
			path = ChannelProgramsTests;
			sourceTree = "<group>";
		};
		EB05C47C1E3F83E500C367D2 /* ChannelProgramsUITests */ = {
			isa = PBXGroup;
			children = (
				EB05C47D1E3F83E500C367D2 /* ChannelProgramsUITests.swift */,
				EB05C47F1E3F83E500C367D2 /* Info.plist */,
			);
			path = ChannelProgramsUITests;
			sourceTree = "<group>";
		};
		EB3D6B771E434DA300D1EE91 /* ModelRealm */ = {
			isa = PBXGroup;
			children = (
				EB3D6B7A1E434DE000D1EE91 /* CategoryData.swift */,
				EB3D6B7C1E434E0000D1EE91 /* ChannelData.swift */,
				EB3D6B7E1E434E0E00D1EE91 /* ProgramData.swift */,
				EB053A5B1E44E4F000EA2AF8 /* CategoryChannel.swift */,
			);
			name = ModelRealm;
			sourceTree = "<group>";
		};
		EB3D6B801E434E3A00D1EE91 /* Model */ = {
			isa = PBXGroup;
			children = (
				EB3D6B771E434DA300D1EE91 /* ModelRealm */,
				EBE611C61E40855500161BFA /* ModelJSON */,
			);
			name = Model;
			sourceTree = "<group>";
		};
		EBC4F2651E428C6300FF9F22 /* StyleView  */ = {
			isa = PBXGroup;
			children = (
				EBC4F2661E428CAE00FF9F22 /* AllChannelTableViewCell.swift */,
				EB95878D1E43322D003DCDD3 /* CategoryTableViewCell.swift */,
				EB9587931E43370A003DCDD3 /* ProgramTableViewCell.swift */,
			);
			name = "StyleView ";
			sourceTree = "<group>";
		};
		EBE611C31E4083E600161BFA /* VIews */ = {
			isa = PBXGroup;
			children = (
				EBC4F2651E428C6300FF9F22 /* StyleView  */,
				EBE611CD1E408A5700161BFA /* FavoriteChannelTableViewController.swift */,
				EBE611CB1E408A2E00161BFA /* AllChannelTableViewController.swift */,
				EB95878F1E433548003DCDD3 /* CategoryTableViewController.swift */,
				EBBA5E751E45FD6C005A9974 /* CategoryFindTableViewController.swift */,
				EB9587911E4336D6003DCDD3 /* ProgramTableViewController.swift */,
				EB05C45E1E3F83E400C367D2 /* Main.storyboard */,
				EB05C4661E3F83E400C367D2 /* LaunchScreen.storyboard */,
			);
			name = VIews;
			sourceTree = "<group>";
		};
		EBE611C41E40841900161BFA /* Resources */ = {
			isa = PBXGroup;
			children = (
				EB05C4641E3F83E400C367D2 /* Assets.xcassets */,
				EB05C4691E3F83E500C367D2 /* Info.plist */,
				EB05C4611E3F83E400C367D2 /* ChannelPrograms.xcdatamodeld */,
			);
			name = Resources;
			sourceTree = "<group>";
		};
		EBE611C51E40843600161BFA /* Application */ = {
			isa = PBXGroup;
			children = (
				EB05C45A1E3F83E400C367D2 /* AppDelegate.swift */,
				EBC5F9821E46632800DAA9BF /* SaveChannels.swift */,
			);
			name = Application;
			sourceTree = "<group>";
		};
		EBE611C61E40855500161BFA /* ModelJSON */ = {
			isa = PBXGroup;
			children = (
				EBE611D11E40900300161BFA /* AllCategoryModel.swift */,
				EBE611C71E4085DB00161BFA /* AllCnannelModel.swift */,
				EB48BFD11E412D0D002FE984 /* PrograToDayModel.swift */,
			);
			name = ModelJSON;
			sourceTree = "<group>";
		};
/* End PBXGroup section */

/* Begin PBXNativeTarget section */
		EB05C4561E3F83E400C367D2 /* ChannelPrograms */ = {
			isa = PBXNativeTarget;
			buildConfigurationList = EB05C4821E3F83E500C367D2 /* Build configuration list for PBXNativeTarget "ChannelPrograms" */;
			buildPhases = (
				843EEE26E43C0D60AF94108C /* [CP] Check Pods Manifest.lock */,
				EB05C4531E3F83E400C367D2 /* Sources */,
				EB05C4541E3F83E400C367D2 /* Frameworks */,
				EB05C4551E3F83E400C367D2 /* Resources */,
				DA836213E290EA4264D42AE4 /* [CP] Embed Pods Frameworks */,
				D15FF564A950DE8B9796EB99 /* [CP] Copy Pods Resources */,
			);
			buildRules = (
			);
			dependencies = (
			);
			name = ChannelPrograms;
			productName = ChannelPrograms;
			productReference = EB05C4571E3F83E400C367D2 /* ChannelPrograms.app */;
			productType = "com.apple.product-type.application";
		};
		EB05C46D1E3F83E500C367D2 /* ChannelProgramsTests */ = {
			isa = PBXNativeTarget;
			buildConfigurationList = EB05C4851E3F83E500C367D2 /* Build configuration list for PBXNativeTarget "ChannelProgramsTests" */;
			buildPhases = (
				0116AB58450E62831B42733B /* [CP] Check Pods Manifest.lock */,
				EB05C46A1E3F83E500C367D2 /* Sources */,
				EB05C46B1E3F83E500C367D2 /* Frameworks */,
				EB05C46C1E3F83E500C367D2 /* Resources */,
				6D0F8024E59396340F6387C4 /* [CP] Embed Pods Frameworks */,
				6006EAD5FDF2EDEB6816ED5F /* [CP] Copy Pods Resources */,
			);
			buildRules = (
			);
			dependencies = (
				EB05C4701E3F83E500C367D2 /* PBXTargetDependency */,
			);
			name = ChannelProgramsTests;
			productName = ChannelProgramsTests;
			productReference = EB05C46E1E3F83E500C367D2 /* ChannelProgramsTests.xctest */;
			productType = "com.apple.product-type.bundle.unit-test";
		};
		EB05C4781E3F83E500C367D2 /* ChannelProgramsUITests */ = {
			isa = PBXNativeTarget;
			buildConfigurationList = EB05C4881E3F83E500C367D2 /* Build configuration list for PBXNativeTarget "ChannelProgramsUITests" */;
			buildPhases = (
				E9A71916A521F30708E4D014 /* [CP] Check Pods Manifest.lock */,
				EB05C4751E3F83E500C367D2 /* Sources */,
				EB05C4761E3F83E500C367D2 /* Frameworks */,
				EB05C4771E3F83E500C367D2 /* Resources */,
				45F3F4D1494886BB6552C864 /* [CP] Embed Pods Frameworks */,
				FC0C534F4457E8EF1A180DCB /* [CP] Copy Pods Resources */,
			);
			buildRules = (
			);
			dependencies = (
				EB05C47B1E3F83E500C367D2 /* PBXTargetDependency */,
			);
			name = ChannelProgramsUITests;
			productName = ChannelProgramsUITests;
			productReference = EB05C4791E3F83E500C367D2 /* ChannelProgramsUITests.xctest */;
			productType = "com.apple.product-type.bundle.ui-testing";
		};
/* End PBXNativeTarget section */

/* Begin PBXProject section */
		EB05C44F1E3F83E300C367D2 /* Project object */ = {
			isa = PBXProject;
			attributes = {
				LastSwiftUpdateCheck = 0820;
				LastUpgradeCheck = 0820;
				ORGANIZATIONNAME = Kolya;
				TargetAttributes = {
					EB05C4561E3F83E400C367D2 = {
						CreatedOnToolsVersion = 8.2.1;
						DevelopmentTeam = QBS7A4VQCM;
						ProvisioningStyle = Automatic;
					};
					EB05C46D1E3F83E500C367D2 = {
						CreatedOnToolsVersion = 8.2.1;
						DevelopmentTeam = QBS7A4VQCM;
						ProvisioningStyle = Automatic;
						TestTargetID = EB05C4561E3F83E400C367D2;
					};
					EB05C4781E3F83E500C367D2 = {
						CreatedOnToolsVersion = 8.2.1;
						DevelopmentTeam = QBS7A4VQCM;
						ProvisioningStyle = Automatic;
						TestTargetID = EB05C4561E3F83E400C367D2;
					};
				};
			};
			buildConfigurationList = EB05C4521E3F83E300C367D2 /* Build configuration list for PBXProject "ChannelPrograms" */;
			compatibilityVersion = "Xcode 3.2";
			developmentRegion = English;
			hasScannedForEncodings = 0;
			knownRegions = (
				en,
				Base,
			);
			mainGroup = EB05C44E1E3F83E300C367D2;
			productRefGroup = EB05C4581E3F83E400C367D2 /* Products */;
			projectDirPath = "";
			projectRoot = "";
			targets = (
				EB05C4561E3F83E400C367D2 /* ChannelPrograms */,
				EB05C46D1E3F83E500C367D2 /* ChannelProgramsTests */,
				EB05C4781E3F83E500C367D2 /* ChannelProgramsUITests */,
			);
		};
/* End PBXProject section */

/* Begin PBXResourcesBuildPhase section */
		EB05C4551E3F83E400C367D2 /* Resources */ = {
			isa = PBXResourcesBuildPhase;
			buildActionMask = 2147483647;
			files = (
				EB05C4681E3F83E400C367D2 /* LaunchScreen.storyboard in Resources */,
				EB05C4651E3F83E400C367D2 /* Assets.xcassets in Resources */,
				EB05C4601E3F83E400C367D2 /* Main.storyboard in Resources */,
			);
			runOnlyForDeploymentPostprocessing = 0;
		};
		EB05C46C1E3F83E500C367D2 /* Resources */ = {
			isa = PBXResourcesBuildPhase;
			buildActionMask = 2147483647;
			files = (
			);
			runOnlyForDeploymentPostprocessing = 0;
		};
		EB05C4771E3F83E500C367D2 /* Resources */ = {
			isa = PBXResourcesBuildPhase;
			buildActionMask = 2147483647;
			files = (
			);
			runOnlyForDeploymentPostprocessing = 0;
		};
/* End PBXResourcesBuildPhase section */

/* Begin PBXShellScriptBuildPhase section */
		0116AB58450E62831B42733B /* [CP] Check Pods Manifest.lock */ = {
			isa = PBXShellScriptBuildPhase;
			buildActionMask = 2147483647;
			files = (
			);
			inputPaths = (
			);
			name = "[CP] Check Pods Manifest.lock";
			outputPaths = (
			);
			runOnlyForDeploymentPostprocessing = 0;
			shellPath = /bin/sh;
			shellScript = "diff \"${PODS_ROOT}/../Podfile.lock\" \"${PODS_ROOT}/Manifest.lock\" > /dev/null\nif [ $? != 0 ] ; then\n    # print error to STDERR\n    echo \"error: The sandbox is not in sync with the Podfile.lock. Run 'pod install' or update your CocoaPods installation.\" >&2\n    exit 1\nfi\n";
			showEnvVarsInLog = 0;
		};
		45F3F4D1494886BB6552C864 /* [CP] Embed Pods Frameworks */ = {
			isa = PBXShellScriptBuildPhase;
			buildActionMask = 2147483647;
			files = (
			);
			inputPaths = (
			);
			name = "[CP] Embed Pods Frameworks";
			outputPaths = (
			);
			runOnlyForDeploymentPostprocessing = 0;
			shellPath = /bin/sh;
			shellScript = "\"${SRCROOT}/Pods/Target Support Files/Pods-ChannelProgramsUITests/Pods-ChannelProgramsUITests-frameworks.sh\"\n";
			showEnvVarsInLog = 0;
		};
		6006EAD5FDF2EDEB6816ED5F /* [CP] Copy Pods Resources */ = {
			isa = PBXShellScriptBuildPhase;
			buildActionMask = 2147483647;
			files = (
			);
			inputPaths = (
			);
			name = "[CP] Copy Pods Resources";
			outputPaths = (
			);
			runOnlyForDeploymentPostprocessing = 0;
			shellPath = /bin/sh;
			shellScript = "\"${SRCROOT}/Pods/Target Support Files/Pods-ChannelProgramsTests/Pods-ChannelProgramsTests-resources.sh\"\n";
			showEnvVarsInLog = 0;
		};
		6D0F8024E59396340F6387C4 /* [CP] Embed Pods Frameworks */ = {
			isa = PBXShellScriptBuildPhase;
			buildActionMask = 2147483647;
			files = (
			);
			inputPaths = (
			);
			name = "[CP] Embed Pods Frameworks";
			outputPaths = (
			);
			runOnlyForDeploymentPostprocessing = 0;
			shellPath = /bin/sh;
			shellScript = "\"${SRCROOT}/Pods/Target Support Files/Pods-ChannelProgramsTests/Pods-ChannelProgramsTests-frameworks.sh\"\n";
			showEnvVarsInLog = 0;
		};
		843EEE26E43C0D60AF94108C /* [CP] Check Pods Manifest.lock */ = {
			isa = PBXShellScriptBuildPhase;
			buildActionMask = 2147483647;
			files = (
			);
			inputPaths = (
			);
			name = "[CP] Check Pods Manifest.lock";
			outputPaths = (
			);
			runOnlyForDeploymentPostprocessing = 0;
			shellPath = /bin/sh;
			shellScript = "diff \"${PODS_ROOT}/../Podfile.lock\" \"${PODS_ROOT}/Manifest.lock\" > /dev/null\nif [ $? != 0 ] ; then\n    # print error to STDERR\n    echo \"error: The sandbox is not in sync with the Podfile.lock. Run 'pod install' or update your CocoaPods installation.\" >&2\n    exit 1\nfi\n";
			showEnvVarsInLog = 0;
		};
		D15FF564A950DE8B9796EB99 /* [CP] Copy Pods Resources */ = {
			isa = PBXShellScriptBuildPhase;
			buildActionMask = 2147483647;
			files = (
			);
			inputPaths = (
			);
			name = "[CP] Copy Pods Resources";
			outputPaths = (
			);
			runOnlyForDeploymentPostprocessing = 0;
			shellPath = /bin/sh;
			shellScript = "\"${SRCROOT}/Pods/Target Support Files/Pods-ChannelPrograms/Pods-ChannelPrograms-resources.sh\"\n";
			showEnvVarsInLog = 0;
		};
		DA836213E290EA4264D42AE4 /* [CP] Embed Pods Frameworks */ = {
			isa = PBXShellScriptBuildPhase;
			buildActionMask = 2147483647;
			files = (
			);
			inputPaths = (
			);
			name = "[CP] Embed Pods Frameworks";
			outputPaths = (
			);
			runOnlyForDeploymentPostprocessing = 0;
			shellPath = /bin/sh;
			shellScript = "\"${SRCROOT}/Pods/Target Support Files/Pods-ChannelPrograms/Pods-ChannelPrograms-frameworks.sh\"\n";
			showEnvVarsInLog = 0;
		};
		E9A71916A521F30708E4D014 /* [CP] Check Pods Manifest.lock */ = {
			isa = PBXShellScriptBuildPhase;
			buildActionMask = 2147483647;
			files = (
			);
			inputPaths = (
			);
			name = "[CP] Check Pods Manifest.lock";
			outputPaths = (
			);
			runOnlyForDeploymentPostprocessing = 0;
			shellPath = /bin/sh;
			shellScript = "diff \"${PODS_ROOT}/../Podfile.lock\" \"${PODS_ROOT}/Manifest.lock\" > /dev/null\nif [ $? != 0 ] ; then\n    # print error to STDERR\n    echo \"error: The sandbox is not in sync with the Podfile.lock. Run 'pod install' or update your CocoaPods installation.\" >&2\n    exit 1\nfi\n";
			showEnvVarsInLog = 0;
		};
		FC0C534F4457E8EF1A180DCB /* [CP] Copy Pods Resources */ = {
			isa = PBXShellScriptBuildPhase;
			buildActionMask = 2147483647;
			files = (
			);
			inputPaths = (
			);
			name = "[CP] Copy Pods Resources";
			outputPaths = (
			);
			runOnlyForDeploymentPostprocessing = 0;
			shellPath = /bin/sh;
			shellScript = "\"${SRCROOT}/Pods/Target Support Files/Pods-ChannelProgramsUITests/Pods-ChannelProgramsUITests-resources.sh\"\n";
			showEnvVarsInLog = 0;
		};
/* End PBXShellScriptBuildPhase section */

/* Begin PBXSourcesBuildPhase section */
		EB05C4531E3F83E400C367D2 /* Sources */ = {
			isa = PBXSourcesBuildPhase;
			buildActionMask = 2147483647;
			files = (
				EBC4F2671E428CAE00FF9F22 /* AllChannelTableViewCell.swift in Sources */,
				EB3D6B7B1E434DE000D1EE91 /* CategoryData.swift in Sources */,
				EB48BFD21E412D0D002FE984 /* PrograToDayModel.swift in Sources */,
				EB3D6B7F1E434E0E00D1EE91 /* ProgramData.swift in Sources */,
				EB9587921E4336D6003DCDD3 /* ProgramTableViewController.swift in Sources */,
				EB05C4631E3F83E400C367D2 /* ChannelPrograms.xcdatamodeld in Sources */,
				EBE611C81E4085DB00161BFA /* AllCnannelModel.swift in Sources */,
				EB053A5C1E44E4F000EA2AF8 /* CategoryChannel.swift in Sources */,
				EBC5F9831E46632800DAA9BF /* SaveChannels.swift in Sources */,
				EBE611CC1E408A2E00161BFA /* AllChannelTableViewController.swift in Sources */,
				EB3D6B7D1E434E0000D1EE91 /* ChannelData.swift in Sources */,
				EBBA5E761E45FD6C005A9974 /* CategoryFindTableViewController.swift in Sources */,
				EBE611CE1E408A5700161BFA /* FavoriteChannelTableViewController.swift in Sources */,
				EBE611D21E40900300161BFA /* AllCategoryModel.swift in Sources */,
				EB9587941E43370A003DCDD3 /* ProgramTableViewCell.swift in Sources */,
				EB05C45B1E3F83E400C367D2 /* AppDelegate.swift in Sources */,
				EB95878E1E43322D003DCDD3 /* CategoryTableViewCell.swift in Sources */,
				EB9587901E433548003DCDD3 /* CategoryTableViewController.swift in Sources */,
			);
			runOnlyForDeploymentPostprocessing = 0;
		};
		EB05C46A1E3F83E500C367D2 /* Sources */ = {
			isa = PBXSourcesBuildPhase;
			buildActionMask = 2147483647;
			files = (
				EB05C4731E3F83E500C367D2 /* ChannelProgramsTests.swift in Sources */,
			);
			runOnlyForDeploymentPostprocessing = 0;
		};
		EB05C4751E3F83E500C367D2 /* Sources */ = {
			isa = PBXSourcesBuildPhase;
			buildActionMask = 2147483647;
			files = (
				EB05C47E1E3F83E500C367D2 /* ChannelProgramsUITests.swift in Sources */,
			);
			runOnlyForDeploymentPostprocessing = 0;
		};
/* End PBXSourcesBuildPhase section */

/* Begin PBXTargetDependency section */
		EB05C4701E3F83E500C367D2 /* PBXTargetDependency */ = {
			isa = PBXTargetDependency;
			target = EB05C4561E3F83E400C367D2 /* ChannelPrograms */;
			targetProxy = EB05C46F1E3F83E500C367D2 /* PBXContainerItemProxy */;
		};
		EB05C47B1E3F83E500C367D2 /* PBXTargetDependency */ = {
			isa = PBXTargetDependency;
			target = EB05C4561E3F83E400C367D2 /* ChannelPrograms */;
			targetProxy = EB05C47A1E3F83E500C367D2 /* PBXContainerItemProxy */;
		};
/* End PBXTargetDependency section */

/* Begin PBXVariantGroup section */
		EB05C45E1E3F83E400C367D2 /* Main.storyboard */ = {
			isa = PBXVariantGroup;
			children = (
				EB05C45F1E3F83E400C367D2 /* Base */,
			);
			name = Main.storyboard;
			sourceTree = "<group>";
		};
		EB05C4661E3F83E400C367D2 /* LaunchScreen.storyboard */ = {
			isa = PBXVariantGroup;
			children = (
				EB05C4671E3F83E400C367D2 /* Base */,
			);
			name = LaunchScreen.storyboard;
			sourceTree = "<group>";
		};
/* End PBXVariantGroup section */

/* Begin XCBuildConfiguration section */
		EB05C4801E3F83E500C367D2 /* Debug */ = {
			isa = XCBuildConfiguration;
			buildSettings = {
				ALWAYS_SEARCH_USER_PATHS = NO;
				CLANG_ANALYZER_NONNULL = YES;
				CLANG_CXX_LANGUAGE_STANDARD = "gnu++0x";
				CLANG_CXX_LIBRARY = "libc++";
				CLANG_ENABLE_MODULES = YES;
				CLANG_ENABLE_OBJC_ARC = YES;
				CLANG_WARN_BOOL_CONVERSION = YES;
				CLANG_WARN_CONSTANT_CONVERSION = YES;
				CLANG_WARN_DIRECT_OBJC_ISA_USAGE = YES_ERROR;
				CLANG_WARN_DOCUMENTATION_COMMENTS = YES;
				CLANG_WARN_EMPTY_BODY = YES;
				CLANG_WARN_ENUM_CONVERSION = YES;
				CLANG_WARN_INFINITE_RECURSION = YES;
				CLANG_WARN_INT_CONVERSION = YES;
				CLANG_WARN_OBJC_ROOT_CLASS = YES_ERROR;
				CLANG_WARN_SUSPICIOUS_MOVE = YES;
				CLANG_WARN_UNREACHABLE_CODE = YES;
				CLANG_WARN__DUPLICATE_METHOD_MATCH = YES;
				"CODE_SIGN_IDENTITY[sdk=iphoneos*]" = "iPhone Developer";
				COPY_PHASE_STRIP = NO;
				DEBUG_INFORMATION_FORMAT = dwarf;
				ENABLE_STRICT_OBJC_MSGSEND = YES;
				ENABLE_TESTABILITY = YES;
				GCC_C_LANGUAGE_STANDARD = gnu99;
				GCC_DYNAMIC_NO_PIC = NO;
				GCC_NO_COMMON_BLOCKS = YES;
				GCC_OPTIMIZATION_LEVEL = 0;
				GCC_PREPROCESSOR_DEFINITIONS = (
					"DEBUG=1",
					"$(inherited)",
				);
				GCC_WARN_64_TO_32_BIT_CONVERSION = YES;
				GCC_WARN_ABOUT_RETURN_TYPE = YES_ERROR;
				GCC_WARN_UNDECLARED_SELECTOR = YES;
				GCC_WARN_UNINITIALIZED_AUTOS = YES_AGGRESSIVE;
				GCC_WARN_UNUSED_FUNCTION = YES;
				GCC_WARN_UNUSED_VARIABLE = YES;
				IPHONEOS_DEPLOYMENT_TARGET = 10.2;
				MTL_ENABLE_DEBUG_INFO = YES;
				ONLY_ACTIVE_ARCH = YES;
				SDKROOT = iphoneos;
				SWIFT_ACTIVE_COMPILATION_CONDITIONS = DEBUG;
				SWIFT_OPTIMIZATION_LEVEL = "-Onone";
				TARGETED_DEVICE_FAMILY = "1,2";
			};
			name = Debug;
		};
		EB05C4811E3F83E500C367D2 /* Release */ = {
			isa = XCBuildConfiguration;
			buildSettings = {
				ALWAYS_SEARCH_USER_PATHS = NO;
				CLANG_ANALYZER_NONNULL = YES;
				CLANG_CXX_LANGUAGE_STANDARD = "gnu++0x";
				CLANG_CXX_LIBRARY = "libc++";
				CLANG_ENABLE_MODULES = YES;
				CLANG_ENABLE_OBJC_ARC = YES;
				CLANG_WARN_BOOL_CONVERSION = YES;
				CLANG_WARN_CONSTANT_CONVERSION = YES;
				CLANG_WARN_DIRECT_OBJC_ISA_USAGE = YES_ERROR;
				CLANG_WARN_DOCUMENTATION_COMMENTS = YES;
				CLANG_WARN_EMPTY_BODY = YES;
				CLANG_WARN_ENUM_CONVERSION = YES;
				CLANG_WARN_INFINITE_RECURSION = YES;
				CLANG_WARN_INT_CONVERSION = YES;
				CLANG_WARN_OBJC_ROOT_CLASS = YES_ERROR;
				CLANG_WARN_SUSPICIOUS_MOVE = YES;
				CLANG_WARN_UNREACHABLE_CODE = YES;
				CLANG_WARN__DUPLICATE_METHOD_MATCH = YES;
				"CODE_SIGN_IDENTITY[sdk=iphoneos*]" = "iPhone Developer";
				COPY_PHASE_STRIP = NO;
				DEBUG_INFORMATION_FORMAT = "dwarf-with-dsym";
				ENABLE_NS_ASSERTIONS = NO;
				ENABLE_STRICT_OBJC_MSGSEND = YES;
				GCC_C_LANGUAGE_STANDARD = gnu99;
				GCC_NO_COMMON_BLOCKS = YES;
				GCC_WARN_64_TO_32_BIT_CONVERSION = YES;
				GCC_WARN_ABOUT_RETURN_TYPE = YES_ERROR;
				GCC_WARN_UNDECLARED_SELECTOR = YES;
				GCC_WARN_UNINITIALIZED_AUTOS = YES_AGGRESSIVE;
				GCC_WARN_UNUSED_FUNCTION = YES;
				GCC_WARN_UNUSED_VARIABLE = YES;
				IPHONEOS_DEPLOYMENT_TARGET = 10.2;
				MTL_ENABLE_DEBUG_INFO = NO;
				SDKROOT = iphoneos;
				SWIFT_OPTIMIZATION_LEVEL = "-Owholemodule";
				TARGETED_DEVICE_FAMILY = "1,2";
				VALIDATE_PRODUCT = YES;
			};
			name = Release;
		};
		EB05C4831E3F83E500C367D2 /* Debug */ = {
			isa = XCBuildConfiguration;
			baseConfigurationReference = 6FB3E0FA2EC3CDB25F1B2F34 /* Pods-ChannelPrograms.debug.xcconfig */;
			buildSettings = {
				ALWAYS_EMBED_SWIFT_STANDARD_LIBRARIES = YES;
				ASSETCATALOG_COMPILER_APPICON_NAME = AppIcon;
				DEVELOPMENT_TEAM = QBS7A4VQCM;
				INFOPLIST_FILE = ChannelPrograms/Info.plist;
				LD_RUNPATH_SEARCH_PATHS = "$(inherited) @executable_path/Frameworks";
				PRODUCT_BUNDLE_IDENTIFIER = kolya.ChannelPrograms;
				PRODUCT_NAME = "$(TARGET_NAME)";
				SWIFT_VERSION = 3.0;
			};
			name = Debug;
		};
		EB05C4841E3F83E500C367D2 /* Release */ = {
			isa = XCBuildConfiguration;
			baseConfigurationReference = 194DE0CE944425193CF3F910 /* Pods-ChannelPrograms.release.xcconfig */;
			buildSettings = {
				ALWAYS_EMBED_SWIFT_STANDARD_LIBRARIES = YES;
				ASSETCATALOG_COMPILER_APPICON_NAME = AppIcon;
				DEVELOPMENT_TEAM = QBS7A4VQCM;
				INFOPLIST_FILE = ChannelPrograms/Info.plist;
				LD_RUNPATH_SEARCH_PATHS = "$(inherited) @executable_path/Frameworks";
				PRODUCT_BUNDLE_IDENTIFIER = kolya.ChannelPrograms;
				PRODUCT_NAME = "$(TARGET_NAME)";
				SWIFT_VERSION = 3.0;
			};
			name = Release;
		};
		EB05C4861E3F83E500C367D2 /* Debug */ = {
			isa = XCBuildConfiguration;
			baseConfigurationReference = 84D2922F8E0BD46B8B659382 /* Pods-ChannelProgramsTests.debug.xcconfig */;
			buildSettings = {
				ALWAYS_EMBED_SWIFT_STANDARD_LIBRARIES = YES;
				BUNDLE_LOADER = "$(TEST_HOST)";
				DEVELOPMENT_TEAM = QBS7A4VQCM;
				INFOPLIST_FILE = ChannelProgramsTests/Info.plist;
				LD_RUNPATH_SEARCH_PATHS = "$(inherited) @executable_path/Frameworks @loader_path/Frameworks";
				PRODUCT_BUNDLE_IDENTIFIER = kolya.ChannelProgramsTests;
				PRODUCT_NAME = "$(TARGET_NAME)";
				SWIFT_VERSION = 3.0;
				TEST_HOST = "$(BUILT_PRODUCTS_DIR)/ChannelPrograms.app/ChannelPrograms";
			};
			name = Debug;
		};
		EB05C4871E3F83E500C367D2 /* Release */ = {
			isa = XCBuildConfiguration;
			baseConfigurationReference = 0C056EA955D735307E7B4151 /* Pods-ChannelProgramsTests.release.xcconfig */;
			buildSettings = {
				ALWAYS_EMBED_SWIFT_STANDARD_LIBRARIES = YES;
				BUNDLE_LOADER = "$(TEST_HOST)";
				DEVELOPMENT_TEAM = QBS7A4VQCM;
				INFOPLIST_FILE = ChannelProgramsTests/Info.plist;
				LD_RUNPATH_SEARCH_PATHS = "$(inherited) @executable_path/Frameworks @loader_path/Frameworks";
				PRODUCT_BUNDLE_IDENTIFIER = kolya.ChannelProgramsTests;
				PRODUCT_NAME = "$(TARGET_NAME)";
				SWIFT_VERSION = 3.0;
				TEST_HOST = "$(BUILT_PRODUCTS_DIR)/ChannelPrograms.app/ChannelPrograms";
			};
			name = Release;
		};
		EB05C4891E3F83E500C367D2 /* Debug */ = {
			isa = XCBuildConfiguration;
			baseConfigurationReference = DAF2B5D09D3F64E14316A934 /* Pods-ChannelProgramsUITests.debug.xcconfig */;
			buildSettings = {
				ALWAYS_EMBED_SWIFT_STANDARD_LIBRARIES = YES;
				DEVELOPMENT_TEAM = QBS7A4VQCM;
				INFOPLIST_FILE = ChannelProgramsUITests/Info.plist;
				LD_RUNPATH_SEARCH_PATHS = "$(inherited) @executable_path/Frameworks @loader_path/Frameworks";
				PRODUCT_BUNDLE_IDENTIFIER = kolya.ChannelProgramsUITests;
				PRODUCT_NAME = "$(TARGET_NAME)";
				SWIFT_VERSION = 3.0;
				TEST_TARGET_NAME = ChannelPrograms;
			};
			name = Debug;
		};
		EB05C48A1E3F83E500C367D2 /* Release */ = {
			isa = XCBuildConfiguration;
			baseConfigurationReference = 76E6114534317EC6BA1E2FEF /* Pods-ChannelProgramsUITests.release.xcconfig */;
			buildSettings = {
				ALWAYS_EMBED_SWIFT_STANDARD_LIBRARIES = YES;
				DEVELOPMENT_TEAM = QBS7A4VQCM;
				INFOPLIST_FILE = ChannelProgramsUITests/Info.plist;
				LD_RUNPATH_SEARCH_PATHS = "$(inherited) @executable_path/Frameworks @loader_path/Frameworks";
				PRODUCT_BUNDLE_IDENTIFIER = kolya.ChannelProgramsUITests;
				PRODUCT_NAME = "$(TARGET_NAME)";
				SWIFT_VERSION = 3.0;
				TEST_TARGET_NAME = ChannelPrograms;
			};
			name = Release;
		};
/* End XCBuildConfiguration section */

/* Begin XCConfigurationList section */
		EB05C4521E3F83E300C367D2 /* Build configuration list for PBXProject "ChannelPrograms" */ = {
			isa = XCConfigurationList;
			buildConfigurations = (
				EB05C4801E3F83E500C367D2 /* Debug */,
				EB05C4811E3F83E500C367D2 /* Release */,
			);
			defaultConfigurationIsVisible = 0;
			defaultConfigurationName = Release;
		};
		EB05C4821E3F83E500C367D2 /* Build configuration list for PBXNativeTarget "ChannelPrograms" */ = {
			isa = XCConfigurationList;
			buildConfigurations = (
				EB05C4831E3F83E500C367D2 /* Debug */,
				EB05C4841E3F83E500C367D2 /* Release */,
			);
			defaultConfigurationIsVisible = 0;
			defaultConfigurationName = Release;
		};
		EB05C4851E3F83E500C367D2 /* Build configuration list for PBXNativeTarget "ChannelProgramsTests" */ = {
			isa = XCConfigurationList;
			buildConfigurations = (
				EB05C4861E3F83E500C367D2 /* Debug */,
				EB05C4871E3F83E500C367D2 /* Release */,
			);
			defaultConfigurationIsVisible = 0;
			defaultConfigurationName = Release;
		};
		EB05C4881E3F83E500C367D2 /* Build configuration list for PBXNativeTarget "ChannelProgramsUITests" */ = {
			isa = XCConfigurationList;
			buildConfigurations = (
				EB05C4891E3F83E500C367D2 /* Debug */,
				EB05C48A1E3F83E500C367D2 /* Release */,
			);
			defaultConfigurationIsVisible = 0;
			defaultConfigurationName = Release;
		};
/* End XCConfigurationList section */

/* Begin XCVersionGroup section */
		EB05C4611E3F83E400C367D2 /* ChannelPrograms.xcdatamodeld */ = {
			isa = XCVersionGroup;
			children = (
				EB05C4621E3F83E400C367D2 /* ChannelPrograms.xcdatamodel */,
			);
			currentVersion = EB05C4621E3F83E400C367D2 /* ChannelPrograms.xcdatamodel */;
			path = ChannelPrograms.xcdatamodeld;
			sourceTree = "<group>";
			versionGroupType = wrapper.xcdatamodel;
		};
/* End XCVersionGroup section */
	};
	rootObject = EB05C44F1E3F83E300C367D2 /* Project object */;
}
